
Microsoft Visual Studio Solution File, Format Version 12.00
# Visual Studio Version 16
VisualStudioVersion = 16.0.31424.327
MinimumVisualStudioVersion = 10.0.40219.1
Project("{FAE04EC0-301F-11D3-BF4B-00C04F79EFBC}") = "CurlingScoreboard", "CurlingScoreboard\CurlingScoreboard.csproj", "{91BF0417-7F7F-425F-AA66-B0497FE9A5DA}"
EndProject
Project("{FAE04EC0-301F-11D3-BF4B-00C04F79EFBC}") = "CurlingScoreboard.Tests", "CurlingScoreboard.Tests\CurlingScoreboard.Tests.csproj", "{A9813981-AA1D-48CB-ACBB-D596EEF9F4B3}"
EndProject
Global
	GlobalSection(SolutionConfigurationPlatforms) = preSolution
		Debug|Any CPU = Debug|Any CPU
		Release|Any CPU = Release|Any CPU
	EndGlobalSection
	GlobalSection(ProjectConfigurationPlatforms) = postSolution
		{91BF0417-7F7F-425F-AA66-B0497FE9A5DA}.Debug|Any CPU.ActiveCfg = Debug|Any CPU
		{91BF0417-7F7F-425F-AA66-B0497FE9A5DA}.Debug|Any CPU.Build.0 = Debug|Any CPU
		{91BF0417-7F7F-425F-AA66-B0497FE9A5DA}.Release|Any CPU.ActiveCfg = Release|Any CPU
		{91BF0417-7F7F-425F-AA66-B0497FE9A5DA}.Release|Any CPU.Build.0 = Release|Any CPU
		{A9813981-AA1D-48CB-ACBB-D596EEF9F4B3}.Debug|Any CPU.ActiveCfg = Debug|Any CPU
		{A9813981-AA1D-48CB-ACBB-D596EEF9F4B3}.Debug|Any CPU.Build.0 = Debug|Any CPU
		{A9813981-AA1D-48CB-ACBB-D596EEF9F4B3}.Release|Any CPU.ActiveCfg = Release|Any CPU
		{A9813981-AA1D-48CB-ACBB-D596EEF9F4B3}.Release|Any CPU.Build.0 = Release|Any CPU
	EndGlobalSection
	GlobalSection(SolutionProperties) = preSolution
		HideSolutionNode = FALSE
	EndGlobalSection
	GlobalSection(ExtensibilityGlobals) = postSolution
		SolutionGuid = {B5A8E1E2-3C4D-4E2B-AC41-4EBA291B7483}
	EndGlobalSection
EndGlobal
